
Microsoft Visual Studio Solution File, Format Version 12.00
# Visual Studio Version 17
VisualStudioVersion = 17.3.32929.385
MinimumVisualStudioVersion = 10.0.40219.1
Project("{FAE04EC0-301F-11D3-BF4B-00C04F79EFBC}") = "JofApp", "JofApp\JofApp.csproj", "{F2C5A518-FB2D-48E7-95B2-EB60CD6D1577}"
EndProject
Global
	GlobalSection(SolutionConfigurationPlatforms) = preSolution
		Debug|Any CPU = Debug|Any CPU
		Release|Any CPU = Release|Any CPU
	EndGlobalSection
	GlobalSection(ProjectConfigurationPlatforms) = postSolution
		{F2C5A518-FB2D-48E7-95B2-EB60CD6D1577}.Debug|Any CPU.ActiveCfg = Debug|Any CPU
		{F2C5A518-FB2D-48E7-95B2-EB60CD6D1577}.Debug|Any CPU.Build.0 = Debug|Any CPU
		{F2C5A518-FB2D-48E7-95B2-EB60CD6D1577}.Release|Any CPU.ActiveCfg = Release|Any CPU
		{F2C5A518-FB2D-48E7-95B2-EB60CD6D1577}.Release|Any CPU.Build.0 = Release|Any CPU
	EndGlobalSection
	GlobalSection(SolutionProperties) = preSolution
		HideSolutionNode = FALSE
	EndGlobalSection
	GlobalSection(ExtensibilityGlobals) = postSolution
		SolutionGuid = {13C20A31-FA8F-4455-B6BF-CEA3F43ECBA7}
	EndGlobalSection
EndGlobal
